Microsoft Visual Studio Solution File, Format Version 11.00
# Visual Studio 2008

Project("{E843CC5C-8101-CC42-ED0E-589FB3AD9B33}") = "SpaceShmup", "Assembly-CSharp.csproj", "{92B9926C-F8A2-B9D0-1CAB-D7D36F8EE652}"
EndProject
Global
	GlobalSection(SolutionConfigurationPlatforms) = preSolution
		Debug|Any CPU = Debug|Any CPU
		Release|Any CPU = Release|Any CPU
	EndGlobalSection
	GlobalSection(ProjectConfigurationPlatforms) = postSolution
		{92B9926C-F8A2-B9D0-1CAB-D7D36F8EE652}.Debug|Any CPU.ActiveCfg = Debug|Any CPU
		{92B9926C-F8A2-B9D0-1CAB-D7D36F8EE652}.Debug|Any CPU.Build.0 = Debug|Any CPU
		{92B9926C-F8A2-B9D0-1CAB-D7D36F8EE652}.Release|Any CPU.ActiveCfg = Release|Any CPU
		{92B9926C-F8A2-B9D0-1CAB-D7D36F8EE652}.Release|Any CPU.Build.0 = Release|Any CPU
	EndGlobalSection
	GlobalSection(SolutionProperties) = preSolution
		HideSolutionNode = FALSE
	EndGlobalSection
	GlobalSection(MonoDevelopProperties) = preSolution
		StartupItem = Assembly-CSharp.csproj
	EndGlobalSection
EndGlobal
