Microsoft Visual Studio Solution File, Format Version 11.00
# Visual Studio 2008

Project("{EB8BB929-452E-3D41-D95C-01171E21B26A}") = "dvi 26-05", "Assembly-CSharp.csproj", "{B16845FC-FA42-60CF-F23D-485EDDD7693B}"
EndProject
Global
	GlobalSection(SolutionConfigurationPlatforms) = preSolution
		Debug|Any CPU = Debug|Any CPU
		Release|Any CPU = Release|Any CPU
	EndGlobalSection
	GlobalSection(ProjectConfigurationPlatforms) = postSolution
		{B16845FC-FA42-60CF-F23D-485EDDD7693B}.Debug|Any CPU.ActiveCfg = Debug|Any CPU
		{B16845FC-FA42-60CF-F23D-485EDDD7693B}.Debug|Any CPU.Build.0 = Debug|Any CPU
		{B16845FC-FA42-60CF-F23D-485EDDD7693B}.Release|Any CPU.ActiveCfg = Release|Any CPU
		{B16845FC-FA42-60CF-F23D-485EDDD7693B}.Release|Any CPU.Build.0 = Release|Any CPU
	EndGlobalSection
	GlobalSection(SolutionProperties) = preSolution
		HideSolutionNode = FALSE
	EndGlobalSection
	GlobalSection(MonoDevelopProperties) = preSolution
		StartupItem = Assembly-CSharp.csproj
	EndGlobalSection
EndGlobal
