Microsoft Visual Studio Solution File, Format Version 11.00
# Visual Studio 2008

Project("{A8DBF046-B645-7123-48A5-CEA7F84A7EFE}") = "dvi 1306", "Assembly-CSharp.csproj", "{55DE9336-E14E-EE74-0744-296AD6BEEA05}"
EndProject
Global
	GlobalSection(SolutionConfigurationPlatforms) = preSolution
		Debug|Any CPU = Debug|Any CPU
		Release|Any CPU = Release|Any CPU
	EndGlobalSection
	GlobalSection(ProjectConfigurationPlatforms) = postSolution
		{55DE9336-E14E-EE74-0744-296AD6BEEA05}.Debug|Any CPU.ActiveCfg = Debug|Any CPU
		{55DE9336-E14E-EE74-0744-296AD6BEEA05}.Debug|Any CPU.Build.0 = Debug|Any CPU
		{55DE9336-E14E-EE74-0744-296AD6BEEA05}.Release|Any CPU.ActiveCfg = Release|Any CPU
		{55DE9336-E14E-EE74-0744-296AD6BEEA05}.Release|Any CPU.Build.0 = Release|Any CPU
	EndGlobalSection
	GlobalSection(SolutionProperties) = preSolution
		HideSolutionNode = FALSE
	EndGlobalSection
	GlobalSection(MonoDevelopProperties) = preSolution
		StartupItem = Assembly-CSharp.csproj
	EndGlobalSection
EndGlobal
