Microsoft Visual Studio Solution File, Format Version 11.00
# Visual Studio 2008

Project("{17083316-5E0B-962C-016B-7438CBCFB443}") = "ferferfer6-avoid-runtime-error-8e4e574326fc", "Assembly-CSharp.csproj", "{FD3667F4-12A1-8955-A7E7-819951EE53F3}"
EndProject
Global
	GlobalSection(SolutionConfigurationPlatforms) = preSolution
		Debug|Any CPU = Debug|Any CPU
		Release|Any CPU = Release|Any CPU
	EndGlobalSection
	GlobalSection(ProjectConfigurationPlatforms) = postSolution
		{FD3667F4-12A1-8955-A7E7-819951EE53F3}.Debug|Any CPU.ActiveCfg = Debug|Any CPU
		{FD3667F4-12A1-8955-A7E7-819951EE53F3}.Debug|Any CPU.Build.0 = Debug|Any CPU
		{FD3667F4-12A1-8955-A7E7-819951EE53F3}.Release|Any CPU.ActiveCfg = Release|Any CPU
		{FD3667F4-12A1-8955-A7E7-819951EE53F3}.Release|Any CPU.Build.0 = Release|Any CPU
	EndGlobalSection
	GlobalSection(SolutionProperties) = preSolution
		HideSolutionNode = FALSE
	EndGlobalSection
		GlobalSection(MonoDevelopProperties) = preSolution
		StartupItem = Assembly-CSharp.csproj
		Policies = $0
		$0.TextStylePolicy = $1
		$1.inheritsSet = null
		$1.scope = text/x-csharp
		$0.CSharpFormattingPolicy = $2
		$2.inheritsSet = Mono
		$2.inheritsScope = text/x-csharp
		$2.scope = text/x-csharp
		$0.TextStylePolicy = $3
		$3.FileWidth = 120
		$3.TabWidth = 4
		$3.IndentWidth = 4
		$3.EolMarker = Unix
		$3.inheritsSet = Mono
		$3.inheritsScope = text/plain
		$3.scope = text/plain
	EndGlobalSection
EndGlobal
